
Microsoft Visual Studio Solution File, Format Version 12.00
# Visual Studio Version 17
VisualStudioVersion = 17.9.34714.143
MinimumVisualStudioVersion = 10.0.40219.1
Project("{FAE04EC0-301F-11D3-BF4B-00C04F79EFBC}") = "SendMsgTimeReq", "SendMsgTimeReq.csproj", "{AB454F7E-47D9-4180-BF2C-5923DEB407CC}"
EndProject
Global
	GlobalSection(SolutionConfigurationPlatforms) = preSolution
		Debug|Any CPU = Debug|Any CPU
		Release|Any CPU = Release|Any CPU
	EndGlobalSection
	GlobalSection(ProjectConfigurationPlatforms) = postSolution
		{AB454F7E-47D9-4180-BF2C-5923DEB407CC}.Debug|Any CPU.ActiveCfg = Debug|Any CPU
		{AB454F7E-47D9-4180-BF2C-5923DEB407CC}.Debug|Any CPU.Build.0 = Debug|Any CPU
		{AB454F7E-47D9-4180-BF2C-5923DEB407CC}.Release|Any CPU.ActiveCfg = Release|Any CPU
		{AB454F7E-47D9-4180-BF2C-5923DEB407CC}.Release|Any CPU.Build.0 = Release|Any CPU
	EndGlobalSection
	GlobalSection(SolutionProperties) = preSolution
		HideSolutionNode = FALSE
	EndGlobalSection
	GlobalSection(ExtensibilityGlobals) = postSolution
		SolutionGuid = {F19B1940-6651-4E0F-BA21-3592DC1DBA73}
	EndGlobalSection
EndGlobal
